
Microsoft Visual Studio Solution File, Format Version 12.00
# Visual Studio Version 16
VisualStudioVersion = 16.0.31624.102
MinimumVisualStudioVersion = 10.0.40219.1
Project("{FAE04EC0-301F-11D3-BF4B-00C04F79EFBC}") = "ProjectParserWF", "ProjectParserWF.csproj", "{9D418430-B9BB-494E-B853-7591A7BFF979}"
EndProject
Global
	GlobalSection(SolutionConfigurationPlatforms) = preSolution
		Debug|Any CPU = Debug|Any CPU
		Release|Any CPU = Release|Any CPU
	EndGlobalSection
	GlobalSection(ProjectConfigurationPlatforms) = postSolution
		{9D418430-B9BB-494E-B853-7591A7BFF979}.Debug|Any CPU.ActiveCfg = Debug|Any CPU
		{9D418430-B9BB-494E-B853-7591A7BFF979}.Debug|Any CPU.Build.0 = Debug|Any CPU
		{9D418430-B9BB-494E-B853-7591A7BFF979}.Release|Any CPU.ActiveCfg = Release|Any CPU
		{9D418430-B9BB-494E-B853-7591A7BFF979}.Release|Any CPU.Build.0 = Release|Any CPU
	EndGlobalSection
	GlobalSection(SolutionProperties) = preSolution
		HideSolutionNode = FALSE
	EndGlobalSection
	GlobalSection(ExtensibilityGlobals) = postSolution
		SolutionGuid = {AAEAC83A-076E-4BAC-94D2-E4B10E2471C1}
	EndGlobalSection
EndGlobal
